// !$*UTF8*$!
{
	archiveVersion = 1;
	classes = {
	};
	objectVersion = 56;
	objects = {

/* Begin PBXBuildFile section */
		AA000001 /* ProjectHanaApp.swift in Sources */ = {isa = PBXBuildFile; fileRef = AA000002 /* ProjectHanaApp.swift */; };
		AA000003 /* ContentView.swift in Sources */ = {isa = PBXBuildFile; fileRef = AA000004 /* ContentView.swift */; };
		AA000005 /* Assets.xcassets in Resources */ = {isa = PBXBuildFile; fileRef = AA000006 /* Assets.xcassets */; };
		AA000007 /* ProjectHanaTests.swift in Sources */ = {isa = PBXBuildFile; fileRef = AA000008 /* ProjectHanaTests.swift */; };
		AA000023 /* Country.swift in Sources */ = {isa = PBXBuildFile; fileRef = AA000022 /* Country.swift */; };
		AA000025 /* River.swift in Sources */ = {isa = PBXBuildFile; fileRef = AA000024 /* River.swift */; };
		AA000027 /* MountainRange.swift in Sources */ = {isa = PBXBuildFile; fileRef = AA000026 /* MountainRange.swift */; };
		AA000029 /* Sea.swift in Sources */ = {isa = PBXBuildFile; fileRef = AA000028 /* Sea.swift */; };
		AA00002B /* GeographyDataLoader.swift in Sources */ = {isa = PBXBuildFile; fileRef = AA00002A /* GeographyDataLoader.swift */; };
		AA00002D /* countries.json in Resources */ = {isa = PBXBuildFile; fileRef = AA00002C /* countries.json */; };
		AA00002F /* rivers.json in Resources */ = {isa = PBXBuildFile; fileRef = AA00002E /* rivers.json */; };
		AA000031 /* mountains.json in Resources */ = {isa = PBXBuildFile; fileRef = AA000030 /* mountains.json */; };
		AA000033 /* seas.json in Resources */ = {isa = PBXBuildFile; fileRef = AA000032 /* seas.json */; };
		AA000037 /* GeographyDataLoaderTests.swift in Sources */ = {isa = PBXBuildFile; fileRef = AA000036 /* GeographyDataLoaderTests.swift */; };
		AA000039 /* ReviewCard.swift in Sources */ = {isa = PBXBuildFile; fileRef = AA000038 /* ReviewCard.swift */; };
		AA00003B /* CardStore.swift in Sources */ = {isa = PBXBuildFile; fileRef = AA00003A /* CardStore.swift */; };
		AA00003D /* CardStoreTests.swift in Sources */ = {isa = PBXBuildFile; fileRef = AA00003C /* CardStoreTests.swift */; };
/* End PBXBuildFile section */

/* Begin PBXFileReference section */
		AA000009 /* ProjectHana.app */ = {isa = PBXFileReference; explicitFileType = wrapper.application; includeInIndex = 0; path = ProjectHana.app; sourceTree = BUILT_PRODUCTS_DIR; };
		AA000002 /* ProjectHanaApp.swift */ = {isa = PBXFileReference; lastKnownFileType = sourcecode.swift; path = ProjectHanaApp.swift; sourceTree = "<group>"; };
		AA000004 /* ContentView.swift */ = {isa = PBXFileReference; lastKnownFileType = sourcecode.swift; path = ContentView.swift; sourceTree = "<group>"; };
		AA000006 /* Assets.xcassets */ = {isa = PBXFileReference; lastKnownFileType = folder.assetcatalog; path = Assets.xcassets; sourceTree = "<group>"; };
		AA00000A /* ProjectHanaTests.xctest */ = {isa = PBXFileReference; explicitFileType = wrapper.cfbundle; includeInIndex = 0; path = ProjectHanaTests.xctest; sourceTree = BUILT_PRODUCTS_DIR; };
		AA000008 /* ProjectHanaTests.swift */ = {isa = PBXFileReference; lastKnownFileType = sourcecode.swift; path = ProjectHanaTests.swift; sourceTree = "<group>"; };
		AA000022 /* Country.swift */ = {isa = PBXFileReference; lastKnownFileType = sourcecode.swift; path = Country.swift; sourceTree = "<group>"; };
		AA000024 /* River.swift */ = {isa = PBXFileReference; lastKnownFileType = sourcecode.swift; path = River.swift; sourceTree = "<group>"; };
		AA000026 /* MountainRange.swift */ = {isa = PBXFileReference; lastKnownFileType = sourcecode.swift; path = MountainRange.swift; sourceTree = "<group>"; };
		AA000028 /* Sea.swift */ = {isa = PBXFileReference; lastKnownFileType = sourcecode.swift; path = Sea.swift; sourceTree = "<group>"; };
		AA00002A /* GeographyDataLoader.swift */ = {isa = PBXFileReference; lastKnownFileType = sourcecode.swift; path = GeographyDataLoader.swift; sourceTree = "<group>"; };
		AA00002C /* countries.json */ = {isa = PBXFileReference; lastKnownFileType = text.json; path = countries.json; sourceTree = "<group>"; };
		AA00002E /* rivers.json */ = {isa = PBXFileReference; lastKnownFileType = text.json; path = rivers.json; sourceTree = "<group>"; };
		AA000030 /* mountains.json */ = {isa = PBXFileReference; lastKnownFileType = text.json; path = mountains.json; sourceTree = "<group>"; };
		AA000032 /* seas.json */ = {isa = PBXFileReference; lastKnownFileType = text.json; path = seas.json; sourceTree = "<group>"; };
		AA000036 /* GeographyDataLoaderTests.swift */ = {isa = PBXFileReference; lastKnownFileType = sourcecode.swift; path = GeographyDataLoaderTests.swift; sourceTree = "<group>"; };
		AA000038 /* ReviewCard.swift */ = {isa = PBXFileReference; lastKnownFileType = sourcecode.swift; path = ReviewCard.swift; sourceTree = "<group>"; };
		AA00003A /* CardStore.swift */ = {isa = PBXFileReference; lastKnownFileType = sourcecode.swift; path = CardStore.swift; sourceTree = "<group>"; };
		AA00003C /* CardStoreTests.swift */ = {isa = PBXFileReference; lastKnownFileType = sourcecode.swift; path = CardStoreTests.swift; sourceTree = "<group>"; };
/* End PBXFileReference section */

/* Begin PBXFrameworksBuildPhase section */
		AA00000B /* Frameworks */ = {
			isa = PBXFrameworksBuildPhase;
			buildActionMask = 2147483647;
			files = (
			);
			runOnlyForDeploymentPostprocessing = 0;
		};
		AA00000C /* Frameworks */ = {
			isa = PBXFrameworksBuildPhase;
			buildActionMask = 2147483647;
			files = (
			);
			runOnlyForDeploymentPostprocessing = 0;
		};
/* End PBXFrameworksBuildPhase section */

/* Begin PBXGroup section */
		AA00000D /* ProductsGroup */ = {
			isa = PBXGroup;
			children = (
				AA000009 /* ProjectHana.app */,
				AA00000A /* ProjectHanaTests.xctest */,
			);
			name = Products;
			sourceTree = "<group>";
		};
		AA00000E /* RootGroup */ = {
			isa = PBXGroup;
			children = (
				AA00000F /* ProjectHana */,
				AA000010 /* ProjectHanaTests */,
				AA00000D /* ProductsGroup */,
			);
			sourceTree = "<group>";
		};
		AA00000F /* ProjectHana */ = {
			isa = PBXGroup;
			children = (
				AA000002 /* ProjectHanaApp.swift */,
				AA000004 /* ContentView.swift */,
				AA000006 /* Assets.xcassets */,
				AA000034 /* Models */,
				AA000035 /* Resources */,
				AA00003E /* Store */,
			);
			path = ProjectHana;
			sourceTree = "<group>";
		};
		AA000034 /* Models */ = {
			isa = PBXGroup;
			children = (
				AA000022 /* Country.swift */,
				AA000024 /* River.swift */,
				AA000026 /* MountainRange.swift */,
				AA000028 /* Sea.swift */,
				AA00002A /* GeographyDataLoader.swift */,
				AA000038 /* ReviewCard.swift */,
			);
			path = Models;
			sourceTree = "<group>";
		};
		AA00003E /* Store */ = {
			isa = PBXGroup;
			children = (
				AA00003A /* CardStore.swift */,
			);
			path = Store;
			sourceTree = "<group>";
		};
		AA000035 /* Resources */ = {
			isa = PBXGroup;
			children = (
				AA00002C /* countries.json */,
				AA00002E /* rivers.json */,
				AA000030 /* mountains.json */,
				AA000032 /* seas.json */,
			);
			path = Resources;
			sourceTree = "<group>";
		};
		AA000010 /* ProjectHanaTests */ = {
			isa = PBXGroup;
			children = (
				AA000008 /* ProjectHanaTests.swift */,
				AA000036 /* GeographyDataLoaderTests.swift */,
				AA00003C /* CardStoreTests.swift */,
			);
			path = ProjectHanaTests;
			sourceTree = "<group>";
		};
/* End PBXGroup section */

/* Begin PBXNativeTarget section */
		AA000011 /* ProjectHana */ = {
			isa = PBXNativeTarget;
			buildConfigurationList = AA000012 /* Build configuration list for PBXNativeTarget "ProjectHana" */;
			buildPhases = (
				AA000013 /* Sources */,
				AA00000B /* Frameworks */,
				AA000014 /* Resources */,
			);
			buildRules = (
			);
			dependencies = (
			);
			name = ProjectHana;
			packageProductDependencies = (
			);
			productName = ProjectHana;
			productReference = AA000009 /* ProjectHana.app */;
			productType = "com.apple.product-type.application";
		};
		AA000015 /* ProjectHanaTests */ = {
			isa = PBXNativeTarget;
			buildConfigurationList = AA000016 /* Build configuration list for PBXNativeTarget "ProjectHanaTests" */;
			buildPhases = (
				AA000017 /* Sources */,
				AA00000C /* Frameworks */,
			);
			buildRules = (
			);
			dependencies = (
				AA000018 /* PBXTargetDependency */,
			);
			name = ProjectHanaTests;
			productName = ProjectHanaTests;
			productReference = AA00000A /* ProjectHanaTests.xctest */;
			productType = "com.apple.product-type.bundle.unit-test";
		};
/* End PBXNativeTarget section */

/* Begin PBXProject section */
		AA000019 /* Project object */ = {
			isa = PBXProject;
			attributes = {
				BuildIndependentTargetsInParallel = 1;
				LastSwiftUpdateCheck = 1540;
				LastUpgradeCheck = 1540;
				TargetAttributes = {
					AA000011 = {
						CreatedOnToolsVersion = 15.4;
					};
					AA000015 = {
						CreatedOnToolsVersion = 15.4;
						TestTargetID = AA000011;
					};
				};
			};
			buildConfigurationList = AA00001A /* Build configuration list for PBXProject "ProjectHana" */;
			compatibilityVersion = "Xcode 14.0";
			developmentRegion = en;
			hasScannedForEncodings = 0;
			knownRegions = (
				en,
				Base,
			);
			mainGroup = AA00000E /* RootGroup */;
			packageReferences = (
			);
			productRefGroup = AA00000D /* ProductsGroup */;
			projectDirPath = "";
			projectRoot = "";
			targets = (
				AA000011 /* ProjectHana */,
				AA000015 /* ProjectHanaTests */,
			);
		};
/* End PBXProject section */

/* Begin PBXResourcesBuildPhase section */
		AA000014 /* Resources */ = {
			isa = PBXResourcesBuildPhase;
			buildActionMask = 2147483647;
			files = (
				AA000005 /* Assets.xcassets in Resources */,
				AA00002D /* countries.json in Resources */,
				AA00002F /* rivers.json in Resources */,
				AA000031 /* mountains.json in Resources */,
				AA000033 /* seas.json in Resources */,
			);
			runOnlyForDeploymentPostprocessing = 0;
		};
/* End PBXResourcesBuildPhase section */

/* Begin PBXSourcesBuildPhase section */
		AA000013 /* Sources */ = {
			isa = PBXSourcesBuildPhase;
			buildActionMask = 2147483647;
			files = (
				AA000001 /* ProjectHanaApp.swift in Sources */,
				AA000003 /* ContentView.swift in Sources */,
				AA000023 /* Country.swift in Sources */,
				AA000025 /* River.swift in Sources */,
				AA000027 /* MountainRange.swift in Sources */,
				AA000029 /* Sea.swift in Sources */,
				AA00002B /* GeographyDataLoader.swift in Sources */,
				AA000039 /* ReviewCard.swift in Sources */,
				AA00003B /* CardStore.swift in Sources */,
			);
			runOnlyForDeploymentPostprocessing = 0;
		};
		AA000017 /* Sources */ = {
			isa = PBXSourcesBuildPhase;
			buildActionMask = 2147483647;
			files = (
				AA000007 /* ProjectHanaTests.swift in Sources */,
				AA000037 /* GeographyDataLoaderTests.swift in Sources */,
				AA00003D /* CardStoreTests.swift in Sources */,
			);
			runOnlyForDeploymentPostprocessing = 0;
		};
/* End PBXSourcesBuildPhase section */

/* Begin PBXTargetDependency section */
		AA000018 /* PBXTargetDependency */ = {
			isa = PBXTargetDependency;
			target = AA000011 /* ProjectHana */;
			targetProxy = AA00001B /* PBXContainerItemProxy */;
		};
/* End PBXTargetDependency section */

/* Begin PBXContainerItemProxy section */
		AA00001B /* PBXContainerItemProxy */ = {
			isa = PBXContainerItemProxy;
			containerPortal = AA000019 /* Project object */;
			proxyType = 1;
			remoteGlobalIDString = AA000011;
			remoteInfo = ProjectHana;
		};
/* End PBXContainerItemProxy section */

/* Begin XCBuildConfiguration section */
		AA00001C /* Debug */ = {
			isa = XCBuildConfiguration;
			buildSettings = {
				ALWAYS_SEARCH_USER_PATHS = NO;
				ASSETCATALOG_COMPILER_GENERATE_SWIFT_ASSET_SYMBOL_EXTENSIONS = YES;
				CLANG_ANALYZER_NONNULL = YES;
				CLANG_ANALYZER_NUMBER_OBJECT_CONVERSION = YES_AGGRESSIVE;
				CLANG_CXX_LANGUAGE_STANDARD = "gnu++20";
				CLANG_ENABLE_MODULES = YES;
				CLANG_ENABLE_OBJC_ARC = YES;
				CLANG_ENABLE_OBJC_WEAK = YES;
				CLANG_WARN_BLOCK_CAPTURE_AUTORELEASING = YES;
				CLANG_WARN_BOOL_CONVERSION = YES;
				CLANG_WARN_COMMA = YES;
				CLANG_WARN_CONSTANT_CONVERSION = YES;
				CLANG_WARN_DEPRECATED_OBJC_IMPLEMENTATIONS = YES;
				CLANG_WARN_DIRECT_OBJC_ISA_USAGE = YES_ERROR;
				CLANG_WARN_DOCUMENTATION_COMMENTS = YES;
				CLANG_WARN_EMPTY_BODY = YES;
				CLANG_WARN_ENUM_CONVERSION = YES;
				CLANG_WARN_INFINITE_RECURSION = YES;
				CLANG_WARN_INT_CONVERSION = YES;
				CLANG_WARN_NON_LITERAL_NULL_CONVERSION = YES;
				CLANG_WARN_OBJC_IMPLICIT_RETAIN_SELF = YES;
				CLANG_WARN_OBJC_LITERAL_CONVERSION = YES;
				CLANG_WARN_OBJC_ROOT_CLASS = YES_ERROR;
				CLANG_WARN_QUOTED_INCLUDE_IN_FRAMEWORK_HEADER = YES;
				CLANG_WARN_RANGE_LOOP_ANALYSIS = YES;
				CLANG_WARN_STRICT_PROTOTYPES = YES;
				CLANG_WARN_SUSPICIOUS_MOVE = YES;
				CLANG_WARN_UNGUARDED_AVAILABILITY = YES_AGGRESSIVE;
				CLANG_WARN_UNREACHABLE_CODE = YES;
				CLANG_WARN__DUPLICATE_METHOD_MATCH = YES;
				COPY_PHASE_STRIP = NO;
				DEBUG_INFORMATION_FORMAT = dwarf;
				ENABLE_STRICT_OBJC_MSGSEND = YES;
				ENABLE_TESTABILITY = YES;
				ENABLE_USER_SCRIPT_SANDBOXING = YES;
				GCC_C_LANGUAGE_STANDARD = gnu17;
				GCC_DYNAMIC_NO_PIC = NO;
				GCC_NO_COMMON_BLOCKS = YES;
				GCC_OPTIMIZATION_LEVEL = 0;
				GCC_PREPROCESSOR_DEFINITIONS = (
					"DEBUG=1",
					"$(inherited)",
				);
				GCC_WARN_64_TO_32_BIT_CONVERSION = YES;
				GCC_WARN_ABOUT_RETURN_TYPE = YES_ERROR;
				GCC_WARN_UNDECLARED_SELECTOR = YES;
				GCC_WARN_UNINITIALIZED_AUTOS = YES_AGGRESSIVE;
				GCC_WARN_UNUSED_FUNCTION = YES;
				GCC_WARN_UNUSED_VARIABLE = YES;
				LOCALIZATION_PREFERS_STRING_CATALOGS = YES;
				MTL_ENABLE_DEBUG_INFO = INCLUDE_SOURCE;
				MTL_FAST_MATH = YES;
				ONLY_ACTIVE_ARCH = YES;
				SDKROOT = iphoneos;
				SUPPORTED_PLATFORMS = "iphoneos iphonesimulator macosx";
				SWIFT_ACTIVE_COMPILATION_CONDITIONS = "DEBUG $(inherited)";
				SWIFT_OPTIMIZATION_LEVEL = "-Onone";
			};
			name = Debug;
		};
		AA00001D /* Release */ = {
			isa = XCBuildConfiguration;
			buildSettings = {
				ALWAYS_SEARCH_USER_PATHS = NO;
				ASSETCATALOG_COMPILER_GENERATE_SWIFT_ASSET_SYMBOL_EXTENSIONS = YES;
				CLANG_ANALYZER_NONNULL = YES;
				CLANG_ANALYZER_NUMBER_OBJECT_CONVERSION = YES_AGGRESSIVE;
				CLANG_CXX_LANGUAGE_STANDARD = "gnu++20";
				CLANG_ENABLE_MODULES = YES;
				CLANG_ENABLE_OBJC_ARC = YES;
				CLANG_ENABLE_OBJC_WEAK = YES;
				CLANG_WARN_BLOCK_CAPTURE_AUTORELEASING = YES;
				CLANG_WARN_BOOL_CONVERSION = YES;
				CLANG_WARN_COMMA = YES;
				CLANG_WARN_CONSTANT_CONVERSION = YES;
				CLANG_WARN_DEPRECATED_OBJC_IMPLEMENTATIONS = YES;
				CLANG_WARN_DIRECT_OBJC_ISA_USAGE = YES_ERROR;
				CLANG_WARN_DOCUMENTATION_COMMENTS = YES;
				CLANG_WARN_EMPTY_BODY = YES;
				CLANG_WARN_ENUM_CONVERSION = YES;
				CLANG_WARN_INFINITE_RECURSION = YES;
				CLANG_WARN_INT_CONVERSION = YES;
				CLANG_WARN_NON_LITERAL_NULL_CONVERSION = YES;
				CLANG_WARN_OBJC_IMPLICIT_RETAIN_SELF = YES;
				CLANG_WARN_OBJC_LITERAL_CONVERSION = YES;
				CLANG_WARN_OBJC_ROOT_CLASS = YES_ERROR;
				CLANG_WARN_QUOTED_INCLUDE_IN_FRAMEWORK_HEADER = YES;
				CLANG_WARN_RANGE_LOOP_ANALYSIS = YES;
				CLANG_WARN_STRICT_PROTOTYPES = YES;
				CLANG_WARN_SUSPICIOUS_MOVE = YES;
				CLANG_WARN_UNGUARDED_AVAILABILITY = YES_AGGRESSIVE;
				CLANG_WARN_UNREACHABLE_CODE = YES;
				CLANG_WARN__DUPLICATE_METHOD_MATCH = YES;
				COPY_PHASE_STRIP = NO;
				DEBUG_INFORMATION_FORMAT = "dwarf-with-dsym";
				ENABLE_NS_ASSERTIONS = NO;
				ENABLE_STRICT_OBJC_MSGSEND = YES;
				ENABLE_USER_SCRIPT_SANDBOXING = YES;
				GCC_C_LANGUAGE_STANDARD = gnu17;
				GCC_NO_COMMON_BLOCKS = YES;
				GCC_WARN_64_TO_32_BIT_CONVERSION = YES;
				GCC_WARN_ABOUT_RETURN_TYPE = YES_ERROR;
				GCC_WARN_UNDECLARED_SELECTOR = YES;
				GCC_WARN_UNINITIALIZED_AUTOS = YES_AGGRESSIVE;
				GCC_WARN_UNUSED_FUNCTION = YES;
				GCC_WARN_UNUSED_VARIABLE = YES;
				LOCALIZATION_PREFERS_STRING_CATALOGS = YES;
				MTL_FAST_MATH = YES;
				SDKROOT = iphoneos;
				SUPPORTED_PLATFORMS = "iphoneos iphonesimulator macosx";
				SWIFT_COMPILATION_MODE = wholemodule;
				SWIFT_OPTIMIZATION_LEVEL = "-O";
			};
			name = Release;
		};
		AA00001E /* Debug */ = {
			isa = XCBuildConfiguration;
			buildSettings = {
				ASSETCATALOG_COMPILER_APPICON_NAME = AppIcon;
				ASSETCATALOG_COMPILER_GLOBAL_ACCENT_COLOR_NAME = AccentColor;
				CODE_SIGN_STYLE = Automatic;
				CURRENT_PROJECT_VERSION = 1;
				DEVELOPMENT_ASSET_PATHS = "";
				ENABLE_PREVIEWS = YES;
				GENERATE_INFOPLIST_FILE = YES;
				INFOPLIST_KEY_UIApplicationSceneManifest_Generation = YES;
				INFOPLIST_KEY_UIApplicationSupportsIndirectInputEvents = YES;
				INFOPLIST_KEY_UILaunchScreen_Generation = YES;
				INFOPLIST_KEY_UISupportedInterfaceOrientations_iPad = "UIInterfaceOrientationPortrait UIInterfaceOrientationPortraitUpsideDown UIInterfaceOrientationLandscapeLeft UIInterfaceOrientationLandscapeRight";
				INFOPLIST_KEY_UISupportedInterfaceOrientations_iPhone = "UIInterfaceOrientationPortrait UIInterfaceOrientationLandscapeLeft UIInterfaceOrientationLandscapeRight";
				IPHONEOS_DEPLOYMENT_TARGET = 17.0;
				LD_RUNPATH_SEARCH_PATHS = (
					"$(inherited)",
					"@executable_path/Frameworks",
				);
				MARKETING_VERSION = 1.0;
				PRODUCT_BUNDLE_IDENTIFIER = "com.projecthana.app";
				PRODUCT_NAME = "$(TARGET_NAME)";
				SUPPORTS_MAC_DESIGNED_FOR_IPHONE_IPAD = NO;
				SUPPORTS_MACCATALYST = YES;
				MACOSX_DEPLOYMENT_TARGET = 14.0;
				SWIFT_EMIT_LOC_STRINGS = YES;
				SWIFT_VERSION = 5.0;
				TARGETED_DEVICE_FAMILY = "1,2";
			};
			name = Debug;
		};
		AA00001F /* Release */ = {
			isa = XCBuildConfiguration;
			buildSettings = {
				ASSETCATALOG_COMPILER_APPICON_NAME = AppIcon;
				ASSETCATALOG_COMPILER_GLOBAL_ACCENT_COLOR_NAME = AccentColor;
				CODE_SIGN_STYLE = Automatic;
				CURRENT_PROJECT_VERSION = 1;
				DEVELOPMENT_ASSET_PATHS = "";
				ENABLE_PREVIEWS = YES;
				GENERATE_INFOPLIST_FILE = YES;
				INFOPLIST_KEY_UIApplicationSceneManifest_Generation = YES;
				INFOPLIST_KEY_UIApplicationSupportsIndirectInputEvents = YES;
				INFOPLIST_KEY_UILaunchScreen_Generation = YES;
				INFOPLIST_KEY_UISupportedInterfaceOrientations_iPad = "UIInterfaceOrientationPortrait UIInterfaceOrientationPortraitUpsideDown UIInterfaceOrientationLandscapeLeft UIInterfaceOrientationLandscapeRight";
				INFOPLIST_KEY_UISupportedInterfaceOrientations_iPhone = "UIInterfaceOrientationPortrait UIInterfaceOrientationLandscapeLeft UIInterfaceOrientationLandscapeRight";
				IPHONEOS_DEPLOYMENT_TARGET = 17.0;
				LD_RUNPATH_SEARCH_PATHS = (
					"$(inherited)",
					"@executable_path/Frameworks",
				);
				MARKETING_VERSION = 1.0;
				PRODUCT_BUNDLE_IDENTIFIER = "com.projecthana.app";
				PRODUCT_NAME = "$(TARGET_NAME)";
				SUPPORTS_MAC_DESIGNED_FOR_IPHONE_IPAD = NO;
				SUPPORTS_MACCATALYST = YES;
				MACOSX_DEPLOYMENT_TARGET = 14.0;
				SWIFT_EMIT_LOC_STRINGS = YES;
				SWIFT_VERSION = 5.0;
				TARGETED_DEVICE_FAMILY = "1,2";
			};
			name = Release;
		};
		AA000020 /* Debug */ = {
			isa = XCBuildConfiguration;
			buildSettings = {
				BUNDLE_LOADER = "$(TEST_HOST)";
				CODE_SIGN_STYLE = Automatic;
				CURRENT_PROJECT_VERSION = 1;
				GENERATE_INFOPLIST_FILE = YES;
				IPHONEOS_DEPLOYMENT_TARGET = 17.0;
				MACOSX_DEPLOYMENT_TARGET = 14.0;
				MARKETING_VERSION = 1.0;
				PRODUCT_BUNDLE_IDENTIFIER = "com.projecthana.app.tests";
				PRODUCT_NAME = "$(TARGET_NAME)";
				SUPPORTS_MACCATALYST = YES;
				SWIFT_EMIT_LOC_STRINGS = NO;
				SWIFT_VERSION = 5.0;
				TARGETED_DEVICE_FAMILY = "1,2";
				TEST_HOST = "$(BUILT_PRODUCTS_DIR)/ProjectHana.app/$(BUNDLE_EXECUTABLE_FOLDER_PATH)/ProjectHana";
			};
			name = Debug;
		};
		AA000021 /* Release */ = {
			isa = XCBuildConfiguration;
			buildSettings = {
				BUNDLE_LOADER = "$(TEST_HOST)";
				CODE_SIGN_STYLE = Automatic;
				CURRENT_PROJECT_VERSION = 1;
				GENERATE_INFOPLIST_FILE = YES;
				IPHONEOS_DEPLOYMENT_TARGET = 17.0;
				MACOSX_DEPLOYMENT_TARGET = 14.0;
				MARKETING_VERSION = 1.0;
				PRODUCT_BUNDLE_IDENTIFIER = "com.projecthana.app.tests";
				PRODUCT_NAME = "$(TARGET_NAME)";
				SUPPORTS_MACCATALYST = YES;
				SWIFT_EMIT_LOC_STRINGS = NO;
				SWIFT_VERSION = 5.0;
				TARGETED_DEVICE_FAMILY = "1,2";
				TEST_HOST = "$(BUILT_PRODUCTS_DIR)/ProjectHana.app/$(BUNDLE_EXECUTABLE_FOLDER_PATH)/ProjectHana";
			};
			name = Release;
		};
/* End XCBuildConfiguration section */

/* Begin XCConfigurationList section */
		AA00001A /* Build configuration list for PBXProject "ProjectHana" */ = {
			isa = XCConfigurationList;
			buildConfigurations = (
				AA00001C /* Debug */,
				AA00001D /* Release */,
			);
			defaultConfigurationIsVisible = 0;
			defaultConfigurationName = Release;
		};
		AA000012 /* Build configuration list for PBXNativeTarget "ProjectHana" */ = {
			isa = XCConfigurationList;
			buildConfigurations = (
				AA00001E /* Debug */,
				AA00001F /* Release */,
			);
			defaultConfigurationIsVisible = 0;
			defaultConfigurationName = Release;
		};
		AA000016 /* Build configuration list for PBXNativeTarget "ProjectHanaTests" */ = {
			isa = XCConfigurationList;
			buildConfigurations = (
				AA000020 /* Debug */,
				AA000021 /* Release */,
			);
			defaultConfigurationIsVisible = 0;
			defaultConfigurationName = Release;
		};
/* End XCConfigurationList section */

	};
	rootObject = AA000019 /* Project object */;
}
